
Microsoft Visual Studio Solution File, Format Version 12.00
# Visual Studio Version 17
VisualStudioVersion = 17.1.32228.430
MinimumVisualStudioVersion = 10.0.40219.1
Project("{9A19103F-16F7-4668-BE54-9A1E7A4F7556}") = "ProductivityTools.GetTask3.Client", "ProductivityTools.GetTask3.Cmdlet.Client\ProductivityTools.GetTask3.Client.csproj", "{61497DF7-371E-4247-B0E1-74271605BAF2}"
EndProject
Project("{9A19103F-16F7-4668-BE54-9A1E7A4F7556}") = "ProductivityTools.GetTask3.Client.Calls", "ProductivityTools.GetTask3.Cmdlet.Client.Calls\ProductivityTools.GetTask3.Client.Calls.csproj", "{F7A0E4F0-56C3-4004-AED9-F7DA6228AF09}"
EndProject
Project("{9A19103F-16F7-4668-BE54-9A1E7A4F7556}") = "ProductivityTools.GetTask3.Cmdlet", "ProductivityTools.GetTask3.Cmdlet\ProductivityTools.GetTask3.Cmdlet.csproj", "{10E6DFF5-E522-4A4E-90F9-2E42670BE501}"
EndProject
Project("{FAE04EC0-301F-11D3-BF4B-00C04F79EFBC}") = "ProductivityTools.GetTask3.FirebaseAuth", "ProductivityTools.GetTask3.FirebaseAuth\ProductivityTools.GetTask3.FirebaseAuth.csproj", "{05057286-23F1-4AFE-82E8-180619A9C866}"
EndProject
Global
	GlobalSection(SolutionConfigurationPlatforms) = preSolution
		Debug|Any CPU = Debug|Any CPU
		Release|Any CPU = Release|Any CPU
	EndGlobalSection
	GlobalSection(ProjectConfigurationPlatforms) = postSolution
		{61497DF7-371E-4247-B0E1-74271605BAF2}.Debug|Any CPU.ActiveCfg = Debug|Any CPU
		{61497DF7-371E-4247-B0E1-74271605BAF2}.Debug|Any CPU.Build.0 = Debug|Any CPU
		{61497DF7-371E-4247-B0E1-74271605BAF2}.Release|Any CPU.ActiveCfg = Release|Any CPU
		{61497DF7-371E-4247-B0E1-74271605BAF2}.Release|Any CPU.Build.0 = Release|Any CPU
		{F7A0E4F0-56C3-4004-AED9-F7DA6228AF09}.Debug|Any CPU.ActiveCfg = Debug|Any CPU
		{F7A0E4F0-56C3-4004-AED9-F7DA6228AF09}.Debug|Any CPU.Build.0 = Debug|Any CPU
		{F7A0E4F0-56C3-4004-AED9-F7DA6228AF09}.Release|Any CPU.ActiveCfg = Release|Any CPU
		{F7A0E4F0-56C3-4004-AED9-F7DA6228AF09}.Release|Any CPU.Build.0 = Release|Any CPU
		{10E6DFF5-E522-4A4E-90F9-2E42670BE501}.Debug|Any CPU.ActiveCfg = Debug|Any CPU
		{10E6DFF5-E522-4A4E-90F9-2E42670BE501}.Debug|Any CPU.Build.0 = Debug|Any CPU
		{10E6DFF5-E522-4A4E-90F9-2E42670BE501}.Release|Any CPU.ActiveCfg = Release|Any CPU
		{10E6DFF5-E522-4A4E-90F9-2E42670BE501}.Release|Any CPU.Build.0 = Release|Any CPU
		{05057286-23F1-4AFE-82E8-180619A9C866}.Debug|Any CPU.ActiveCfg = Debug|Any CPU
		{05057286-23F1-4AFE-82E8-180619A9C866}.Debug|Any CPU.Build.0 = Debug|Any CPU
		{05057286-23F1-4AFE-82E8-180619A9C866}.Release|Any CPU.ActiveCfg = Release|Any CPU
		{05057286-23F1-4AFE-82E8-180619A9C866}.Release|Any CPU.Build.0 = Release|Any CPU
	EndGlobalSection
	GlobalSection(SolutionProperties) = preSolution
		HideSolutionNode = FALSE
	EndGlobalSection
	GlobalSection(ExtensibilityGlobals) = postSolution
		SolutionGuid = {674C24BD-D034-448C-82EA-AE0C1D643AD3}
	EndGlobalSection
EndGlobal
